
Microsoft Visual Studio Solution File, Format Version 12.00
# Visual Studio Version 17
VisualStudioVersion = 17.5.33209.295
MinimumVisualStudioVersion = 10.0.40219.1
Project("{FAE04EC0-301F-11D3-BF4B-00C04F79EFBC}") = "Hangfire.API", "Hangfire.API\Hangfire.API.csproj", "{C953AF5B-1462-423A-B286-6C1CA1CB2996}"
EndProject
Global
	GlobalSection(SolutionConfigurationPlatforms) = preSolution
		Debug|Any CPU = Debug|Any CPU
		Release|Any CPU = Release|Any CPU
	EndGlobalSection
	GlobalSection(ProjectConfigurationPlatforms) = postSolution
		{C953AF5B-1462-423A-B286-6C1CA1CB2996}.Debug|Any CPU.ActiveCfg = Debug|Any CPU
		{C953AF5B-1462-423A-B286-6C1CA1CB2996}.Debug|Any CPU.Build.0 = Debug|Any CPU
		{C953AF5B-1462-423A-B286-6C1CA1CB2996}.Release|Any CPU.ActiveCfg = Release|Any CPU
		{C953AF5B-1462-423A-B286-6C1CA1CB2996}.Release|Any CPU.Build.0 = Release|Any CPU
	EndGlobalSection
	GlobalSection(SolutionProperties) = preSolution
		HideSolutionNode = FALSE
	EndGlobalSection
	GlobalSection(ExtensibilityGlobals) = postSolution
		SolutionGuid = {8997A13C-B409-42E3-BC37-79536BCB7BE2}
	EndGlobalSection
EndGlobal
